
Microsoft Visual Studio Solution File, Format Version 11.00
# Visual Studio 2010
Project("{FAE04EC0-301F-11D3-BF4B-00C04F79EFBC}") = "articulationpoint", "articulationpoint\articulationpoint.csproj", "{903BB6D2-9227-42CB-A67D-75C32DA6A00A}"
EndProject
Global
	GlobalSection(SolutionConfigurationPlatforms) = preSolution
		Debug|x86 = Debug|x86
		Release|x86 = Release|x86
	EndGlobalSection
	GlobalSection(ProjectConfigurationPlatforms) = postSolution
		{903BB6D2-9227-42CB-A67D-75C32DA6A00A}.Debug|x86.ActiveCfg = Debug|x86
		{903BB6D2-9227-42CB-A67D-75C32DA6A00A}.Debug|x86.Build.0 = Debug|x86
		{903BB6D2-9227-42CB-A67D-75C32DA6A00A}.Release|x86.ActiveCfg = Release|x86
		{903BB6D2-9227-42CB-A67D-75C32DA6A00A}.Release|x86.Build.0 = Release|x86
	EndGlobalSection
	GlobalSection(SolutionProperties) = preSolution
		HideSolutionNode = FALSE
	EndGlobalSection
EndGlobal
